
Microsoft Visual Studio Solution File, Format Version 12.00
# Visual Studio Version 16
VisualStudioVersion = 16.0.30114.105
MinimumVisualStudioVersion = 10.0.40219.1
Project("{8BC9CEB8-8B4A-11D0-8D11-00A0C91BC942}") = "Sandbox", "Sandbox\Sandbox.vcxproj", "{7F91C852-2419-4220-8816-AAB635D6BA55}"
EndProject
Project("{8BC9CEB8-8B4A-11D0-8D11-00A0C91BC942}") = "Smith", "Smith\Smith.vcxproj", "{C326ACEE-BAEF-46D3-B902-DE8E492F22CE}"
EndProject
Global
	GlobalSection(SolutionConfigurationPlatforms) = preSolution
		Debug|x64 = Debug|x64
		Release|x64 = Release|x64
	EndGlobalSection
	GlobalSection(ProjectConfigurationPlatforms) = postSolution
		{C326ACEE-BAEF-46D3-B902-DE8E492F22CE}.Debug|x64.ActiveCfg = Debug|x64
		{C326ACEE-BAEF-46D3-B902-DE8E492F22CE}.Debug|x64.Build.0 = Debug|x64
		{C326ACEE-BAEF-46D3-B902-DE8E492F22CE}.Release|x64.ActiveCfg = Release|x64
		{C326ACEE-BAEF-46D3-B902-DE8E492F22CE}.Release|x64.Build.0 = Release|x64
		{7F91C852-2419-4220-8816-AAB635D6BA55}.Debug|x64.ActiveCfg = Debug|x64
		{7F91C852-2419-4220-8816-AAB635D6BA55}.Debug|x64.Build.0 = Debug|x64
		{7F91C852-2419-4220-8816-AAB635D6BA55}.Release|x64.ActiveCfg = Release|x64
		{7F91C852-2419-4220-8816-AAB635D6BA55}.Release|x64.Build.0 = Release|x64
	EndGlobalSection
	GlobalSection(SolutionProperties) = preSolution
		HideSolutionNode = FALSE
	EndGlobalSection
	GlobalSection(ExtensibilityGlobals) = postSolution
		SolutionGuid = {028B8EFD-7AAB-4AA3-80DD-A791355A7464}
	EndGlobalSection
EndGlobal
